
Microsoft Visual Studio Solution File, Format Version 12.00
# Visual Studio Version 17
VisualStudioVersion = 17.5.33627.172
MinimumVisualStudioVersion = 10.0.40219.1
Project("{9A19103F-16F7-4668-BE54-9A1E7A4F7556}") = "RabbitSender", "RabbitSender\RabbitSender.csproj", "{35C61E4B-C080-401B-8BD4-CBFA1F063281}"
EndProject
Project("{9A19103F-16F7-4668-BE54-9A1E7A4F7556}") = "RabbitReceiver1", "RabbitReceiver1\RabbitReceiver1.csproj", "{EB691564-E5D0-459D-9F93-E238C4F2D738}"
EndProject
Project("{FAE04EC0-301F-11D3-BF4B-00C04F79EFBC}") = "RabbitReceiver2", "RabbitReceiver2\RabbitReceiver2.csproj", "{5F30DB0F-5834-4CDE-801A-A72630D84E02}"
EndProject
Global
	GlobalSection(SolutionConfigurationPlatforms) = preSolution
		Debug|Any CPU = Debug|Any CPU
		Release|Any CPU = Release|Any CPU
	EndGlobalSection
	GlobalSection(ProjectConfigurationPlatforms) = postSolution
		{35C61E4B-C080-401B-8BD4-CBFA1F063281}.Debug|Any CPU.ActiveCfg = Debug|Any CPU
		{35C61E4B-C080-401B-8BD4-CBFA1F063281}.Debug|Any CPU.Build.0 = Debug|Any CPU
		{35C61E4B-C080-401B-8BD4-CBFA1F063281}.Release|Any CPU.ActiveCfg = Release|Any CPU
		{35C61E4B-C080-401B-8BD4-CBFA1F063281}.Release|Any CPU.Build.0 = Release|Any CPU
		{EB691564-E5D0-459D-9F93-E238C4F2D738}.Debug|Any CPU.ActiveCfg = Debug|Any CPU
		{EB691564-E5D0-459D-9F93-E238C4F2D738}.Debug|Any CPU.Build.0 = Debug|Any CPU
		{EB691564-E5D0-459D-9F93-E238C4F2D738}.Release|Any CPU.ActiveCfg = Release|Any CPU
		{EB691564-E5D0-459D-9F93-E238C4F2D738}.Release|Any CPU.Build.0 = Release|Any CPU
		{5F30DB0F-5834-4CDE-801A-A72630D84E02}.Debug|Any CPU.ActiveCfg = Debug|Any CPU
		{5F30DB0F-5834-4CDE-801A-A72630D84E02}.Debug|Any CPU.Build.0 = Debug|Any CPU
		{5F30DB0F-5834-4CDE-801A-A72630D84E02}.Release|Any CPU.ActiveCfg = Release|Any CPU
		{5F30DB0F-5834-4CDE-801A-A72630D84E02}.Release|Any CPU.Build.0 = Release|Any CPU
	EndGlobalSection
	GlobalSection(SolutionProperties) = preSolution
		HideSolutionNode = FALSE
	EndGlobalSection
	GlobalSection(ExtensibilityGlobals) = postSolution
		SolutionGuid = {EC3658FA-683F-461C-976F-89577C95999D}
	EndGlobalSection
EndGlobal
